{
  "requires": true,
  "lockfileVersion": 1,
  "dependencies": {
    "csv-reader": {
      "version": "1.0.9",
      "resolved": "https://registry.npmjs.org/csv-reader/-/csv-reader-1.0.9.tgz",
      "integrity": "sha512-fILL1fBNkCp6qWUHA7XTTgd3FBuNgCjP6Z3UUte16U90Giy22HuMyce9cQ99JuY+XiextK2tAhjhQNn/a7jK4A=="
    }
  }
}
